schema: '2.0'
stages:
  data_collection:
    cmd: python datacollection.py
    deps:
    - path: datacollection.py
      hash: md5
      md5: 257e5574e8f1a8dcca9664784b50216f
      size: 671
    outs:
    - path: ../data/raw
      hash: md5
      md5: dc5955cc1831374c1b29236c621c6725.dir
      size: 520443
      nfiles: 2
  pre_processing:
    cmd: python src/data_prep.py
    deps:
    - path: data/raw
      hash: md5
      md5: dc5955cc1831374c1b29236c621c6725.dir
      size: 520443
      nfiles: 2
    - path: src/data_prep.py
      hash: md5
      md5: 5d1fb092284c12eae3a04601c5b5d3f1
      size: 1139
    outs:
    - path: data/processed
      hash: md5
      md5: d44c7c5ff5f7c11a1f4df58d51649981.dir
      size: 544694
      nfiles: 2
  model_building:
    cmd: python model_building.py
    deps:
    - path: ../data/processed/train_processed.csv
      hash: md5
      md5: a5277abdf2230d10d6e9a0e52adb3588
      size: 435572
    - path: model_building.py
      hash: md5
      md5: 3658cc56e5a3250093a143422a2f3b1b
      size: 765
    outs:
    - path: ../models/model.pkl
      hash: md5
      md5: 79823e4d6847d5f5d69a4acb8a9728d4
      size: 7336145
  model_evaluation:
    cmd: python model_eval.py
    deps:
    - path: ../data/processed/test_processed.csv
      hash: md5
      md5: be9f38c9b5e16156b7576d18d0e5ec49
      size: 109122
    - path: ../models/model.pkl
      hash: md5
      md5: 79823e4d6847d5f5d69a4acb8a9728d4
      size: 7336145
    - path: model_eval.py
      hash: md5
      md5: 21b5a83b40bdf0b358733e4ace40b0e0
      size: 1111
    outs:
    - path: ../reports/metrics.json
      hash: md5
      md5: 38b2d09e7cbc6aac09aefaa3e7b5cad9
      size: 144
